
Microsoft Visual Studio Solution File, Format Version 12.00
# Visual Studio 15
VisualStudioVersion = 15.0.28307.757
MinimumVisualStudioVersion = 10.0.40219.1
Project("{9A19103F-16F7-4668-BE54-9A1E7A4F7556}") = "DataAccessLayer", "ASPCoreMentoring\DataAccessLayer.csproj", "{547D347E-6FA2-4AA6-BCCF-D0E2771BE199}"
EndProject
Project("{9A19103F-16F7-4668-BE54-9A1E7A4F7556}") = "BusinessLayer", "BusinessLayer\BusinessLayer.csproj", "{06AFD626-45BC-41C7-90CA-BB5411ED85B6}"
EndProject
Project("{9A19103F-16F7-4668-BE54-9A1E7A4F7556}") = "MVCPresentationLayer", "MVCPresentationLayer\MVCPresentationLayer.csproj", "{1380BB02-FF99-4F48-9479-434AD5DE48F0}"
EndProject
Project("{9A19103F-16F7-4668-BE54-9A1E7A4F7556}") = "Unit.Tests", "Unit.Tests\Unit.Tests.csproj", "{A9A41B49-52A6-4E55-BF4A-37965DF09DAB}"
EndProject
Project("{9A19103F-16F7-4668-BE54-9A1E7A4F7556}") = "APIClient", "APIClient\APIClient.csproj", "{FCAC5712-93A1-4B7C-B2CC-E8C3FADBE48A}"
EndProject
Global
	GlobalSection(SolutionConfigurationPlatforms) = preSolution
		Debug|Any CPU = Debug|Any CPU
		Release|Any CPU = Release|Any CPU
	EndGlobalSection
	GlobalSection(ProjectConfigurationPlatforms) = postSolution
		{547D347E-6FA2-4AA6-BCCF-D0E2771BE199}.Debug|Any CPU.ActiveCfg = Debug|Any CPU
		{547D347E-6FA2-4AA6-BCCF-D0E2771BE199}.Debug|Any CPU.Build.0 = Debug|Any CPU
		{547D347E-6FA2-4AA6-BCCF-D0E2771BE199}.Release|Any CPU.ActiveCfg = Release|Any CPU
		{547D347E-6FA2-4AA6-BCCF-D0E2771BE199}.Release|Any CPU.Build.0 = Release|Any CPU
		{06AFD626-45BC-41C7-90CA-BB5411ED85B6}.Debug|Any CPU.ActiveCfg = Debug|Any CPU
		{06AFD626-45BC-41C7-90CA-BB5411ED85B6}.Debug|Any CPU.Build.0 = Debug|Any CPU
		{06AFD626-45BC-41C7-90CA-BB5411ED85B6}.Release|Any CPU.ActiveCfg = Release|Any CPU
		{06AFD626-45BC-41C7-90CA-BB5411ED85B6}.Release|Any CPU.Build.0 = Release|Any CPU
		{1380BB02-FF99-4F48-9479-434AD5DE48F0}.Debug|Any CPU.ActiveCfg = Debug|Any CPU
		{1380BB02-FF99-4F48-9479-434AD5DE48F0}.Debug|Any CPU.Build.0 = Debug|Any CPU
		{1380BB02-FF99-4F48-9479-434AD5DE48F0}.Release|Any CPU.ActiveCfg = Release|Any CPU
		{1380BB02-FF99-4F48-9479-434AD5DE48F0}.Release|Any CPU.Build.0 = Release|Any CPU
		{A9A41B49-52A6-4E55-BF4A-37965DF09DAB}.Debug|Any CPU.ActiveCfg = Debug|Any CPU
		{A9A41B49-52A6-4E55-BF4A-37965DF09DAB}.Debug|Any CPU.Build.0 = Debug|Any CPU
		{A9A41B49-52A6-4E55-BF4A-37965DF09DAB}.Release|Any CPU.ActiveCfg = Release|Any CPU
		{A9A41B49-52A6-4E55-BF4A-37965DF09DAB}.Release|Any CPU.Build.0 = Release|Any CPU
		{FCAC5712-93A1-4B7C-B2CC-E8C3FADBE48A}.Debug|Any CPU.ActiveCfg = Debug|Any CPU
		{FCAC5712-93A1-4B7C-B2CC-E8C3FADBE48A}.Debug|Any CPU.Build.0 = Debug|Any CPU
		{FCAC5712-93A1-4B7C-B2CC-E8C3FADBE48A}.Release|Any CPU.ActiveCfg = Release|Any CPU
		{FCAC5712-93A1-4B7C-B2CC-E8C3FADBE48A}.Release|Any CPU.Build.0 = Release|Any CPU
	EndGlobalSection
	GlobalSection(SolutionProperties) = preSolution
		HideSolutionNode = FALSE
	EndGlobalSection
	GlobalSection(ExtensibilityGlobals) = postSolution
		SolutionGuid = {3016994B-E900-4F4E-9D49-CBAFDBFA381A}
	EndGlobalSection
EndGlobal
